
Microsoft Visual Studio Solution File, Format Version 12.00
# Visual Studio Version 17
VisualStudioVersion = 17.5.002.0
MinimumVisualStudioVersion = 10.0.40219.1
Project("{2150E333-8FDC-42A3-9474-1A3956D46DE8}") = "src", "src", "{42A98FF5-661D-4A12-8AC9-45B3F1B22E72}"
EndProject
Project("{9A19103F-16F7-4668-BE54-9A1E7A4F7556}") = "Play.Common", "src\Play.Common\Play.Common.csproj", "{8E59BBE4-2E3E-4B37-B23D-442273DA3C88}"
EndProject
Global
	GlobalSection(SolutionConfigurationPlatforms) = preSolution
		Debug|Any CPU = Debug|Any CPU
		Release|Any CPU = Release|Any CPU
	EndGlobalSection
	GlobalSection(ProjectConfigurationPlatforms) = postSolution
		{8E59BBE4-2E3E-4B37-B23D-442273DA3C88}.Debug|Any CPU.ActiveCfg = Debug|Any CPU
		{8E59BBE4-2E3E-4B37-B23D-442273DA3C88}.Debug|Any CPU.Build.0 = Debug|Any CPU
		{8E59BBE4-2E3E-4B37-B23D-442273DA3C88}.Release|Any CPU.ActiveCfg = Release|Any CPU
		{8E59BBE4-2E3E-4B37-B23D-442273DA3C88}.Release|Any CPU.Build.0 = Release|Any CPU
	EndGlobalSection
	GlobalSection(SolutionProperties) = preSolution
		HideSolutionNode = FALSE
	EndGlobalSection
	GlobalSection(NestedProjects) = preSolution
		{8E59BBE4-2E3E-4B37-B23D-442273DA3C88} = {42A98FF5-661D-4A12-8AC9-45B3F1B22E72}
	EndGlobalSection
	GlobalSection(ExtensibilityGlobals) = postSolution
		SolutionGuid = {D0F0D06E-F0A6-4C40-A328-C6AEA1E5FA32}
	EndGlobalSection
EndGlobal
